
Microsoft Visual Studio Solution File, Format Version 12.00
# Visual Studio Version 17
VisualStudioVersion = 17.8.34525.116
MinimumVisualStudioVersion = 10.0.40219.1
Project("{888888A0-9F3D-457C-B088-3A5042F75D52}") = "Labs", "Labs.pyproj", "{D2419302-CDC8-4C3A-B3BC-46B89E8A3963}"
EndProject
Global
	GlobalSection(SolutionConfigurationPlatforms) = preSolution
		Debug|Any CPU = Debug|Any CPU
		Release|Any CPU = Release|Any CPU
	EndGlobalSection
	GlobalSection(ProjectConfigurationPlatforms) = postSolution
		{D2419302-CDC8-4C3A-B3BC-46B89E8A3963}.Debug|Any CPU.ActiveCfg = Debug|Any CPU
		{D2419302-CDC8-4C3A-B3BC-46B89E8A3963}.Release|Any CPU.ActiveCfg = Release|Any CPU
	EndGlobalSection
	GlobalSection(SolutionProperties) = preSolution
		HideSolutionNode = FALSE
	EndGlobalSection
	GlobalSection(ExtensibilityGlobals) = postSolution
		SolutionGuid = {C4FB132D-85FB-4C47-8200-0B3979B50115}
	EndGlobalSection
EndGlobal
